{
  "nodes": {
    "flake-utils": {
      "inputs": {
        "systems": "systems"
      },
      "locked": {
        "lastModified": 1731533236,
        "narHash": "sha256-l0KFg5HjrsfsO/JpG+r7fRrqm12kzFHyUHqHCVpMMbI=",
        "owner": "numtide",
        "repo": "flake-utils",
        "rev": "11707dc2f618dd54ca8739b309ec4fc024de578b",
        "type": "github"
      },
      "original": {
        "owner": "numtide",
        "repo": "flake-utils",
        "type": "github"
      }
    },
    "herdr": {
      "inputs": {
        "nixpkgs": "nixpkgs",
        "rust-overlay": "rust-overlay"
      },
      "locked": {
        "lastModified": 1784657072,
        "narHash": "sha256-3BA8eredGku+vsL2Af7sUf43QiArR5XTHNrI+X11vFM=",
        "ref": "refs/tags/v0.7.5",
        "rev": "99df3ac37be6bd7be2fd2023f0d88a7a0e7a7101",
        "revCount": 1174,
        "submodules": true,
        "type": "git",
        "url": "https://github.com/herdrdev/herdr"
      },
      "original": {
        "ref": "refs/tags/v0.7.5",
        "submodules": true,
        "type": "git",
        "url": "https://github.com/herdrdev/herdr"
      }
    },
    "home-manager": {
      "inputs": {
        "nixpkgs": [
          "nixpkgs"
        ]
      },
      "locked": {
        "lastModified": 1787176219,
        "narHash": "sha256-djoRr6jBpe35q/0JwAvXpFXg1Ktf+X54NU2RLR7wnHw=",
        "owner": "nix-community",
        "repo": "home-manager",
        "rev": "c53d643b3737e2fcd04e6cb3b3580ef50b2087a0",
        "type": "github"
      },
      "original": {
        "owner": "nix-community",
        "repo": "home-manager",
        "type": "github"
      }
    },
    "mise-flake": {
      "inputs": {
        "flake-utils": "flake-utils",
        "nixpkgs": [
          "nixpkgs"
        ]
      },
      "locked": {
        "lastModified": 1787230739,
        "narHash": "sha256-waxcX02lmU5wWxjc/Kja0kFl0NBlhN6VvwrJteg86kA=",
        "owner": "jdx",
        "repo": "mise",
        "rev": "aa22e7c45c205dbef6343b6c279c0b89004b04fa",
        "type": "github"
      },
      "original": {
        "owner": "jdx",
        "repo": "mise",
        "type": "github"
      }
    },
    "nixpkgs": {
      "locked": {
        "lastModified": 1779357205,
        "narHash": "sha256-cCO8aTqss5x9Ky8GWkpY0Hy5fyTZEbtifSUV8QjSzic=",
        "owner": "NixOS",
        "repo": "nixpkgs",
        "rev": "f83fc3c307e74bc5fd5adb7eb6b8b13ffd2a36e1",
        "type": "github"
      },
      "original": {
        "owner": "NixOS",
        "ref": "nixos-unstable",
        "repo": "nixpkgs",
        "type": "github"
      }
    },
    "nixpkgs_2": {
      "locked": {
        "lastModified": 1787135253,
        "narHash": "sha256-RD2kNWCG+Bjo6h+JVjWVNntZs2GtRoeY2xHjts/FNkA=",
        "owner": "nixos",
        "repo": "nixpkgs",
        "rev": "ffb3c9b700e759be2ef13237c9d8f953b32a1e46",
        "type": "github"
      },
      "original": {
        "owner": "nixos",
        "ref": "nixos-unstable",
        "repo": "nixpkgs",
        "type": "github"
      }
    },
    "plannotator-src": {
      "flake": false,
      "locked": {
        "lastModified": 1785406551,
        "narHash": "sha256-VAASKNO2DWmxcAbwk2TGQ5s9NL9F/B2hb2rlXwt1pbw=",
        "owner": "backnotprop",
        "repo": "plannotator",
        "rev": "b5cf065cbab1a5b0b5edaee90e140e73806504bc",
        "type": "github"
      },
      "original": {
        "owner": "backnotprop",
        "ref": "v0.25.1",
        "repo": "plannotator",
        "type": "github"
      }
    },
    "root": {
      "inputs": {
        "herdr": "herdr",
        "home-manager": "home-manager",
        "mise-flake": "mise-flake",
        "nixpkgs": "nixpkgs_2",
        "plannotator-src": "plannotator-src",
        "vim-herdr-navigation-src": "vim-herdr-navigation-src"
      }
    },
    "rust-overlay": {
      "inputs": {
        "nixpkgs": [
          "herdr",
          "nixpkgs"
        ]
      },
      "locked": {
        "lastModified": 1783577481,
        "narHash": "sha256-EWMxOWrJ031f8f/lrcEmhTRs4npw1/5N3Hcjin846c8=",
        "owner": "oxalica",
        "repo": "rust-overlay",
        "rev": "4cdea398dc491b082dccdce0fad1ed0b75fa3394",
        "type": "github"
      },
      "original": {
        "owner": "oxalica",
        "repo": "rust-overlay",
        "type": "github"
      }
    },
    "systems": {
      "locked": {
        "lastModified": 1681028828,
        "narHash": "sha256-Vy1rq5AaRuLzOxct8nz4T6wlgyUR7zLU309k9mBC768=",
        "owner": "nix-systems",
        "repo": "default",
        "rev": "da67096a3b9bf56a91d16901293e51ba5b49a27e",
        "type": "github"
      },
      "original": {
        "owner": "nix-systems",
        "repo": "default",
        "type": "github"
      }
    },
    "vim-herdr-navigation-src": {
      "flake": false,
      "locked": {
        "lastModified": 1785642473,
        "narHash": "sha256-qn69GDH3kCSYm9x/it3EyJqZiwQoK3pnwdfATeSwJ38=",
        "owner": "paulbkim-dev",
        "repo": "vim-herdr-navigation",
        "rev": "820d48f5d9c9a7dece6a4bebfa3982ec30bbfbb7",
        "type": "github"
      },
      "original": {
        "owner": "paulbkim-dev",
        "repo": "vim-herdr-navigation",
        "rev": "820d48f5d9c9a7dece6a4bebfa3982ec30bbfbb7",
        "type": "github"
      }
    }
  },
  "root": "root",
  "version": 7
}
